
Microsoft Visual Studio Solution File, Format Version 12.00
# Visual Studio 15
VisualStudioVersion = 15.0.27130.2027
MinimumVisualStudioVersion = 10.0.40219.1
Project("{E24C65DC-7377-472B-9ABA-BC803B73C61A}") = "SonarTest", ".", "{64F185D1-C3FE-4833-A60A-01A15177E925}"
	ProjectSection(WebsiteProperties) = preProject
		TargetFrameworkMoniker = ".NETFramework,Version%3Dv4.6.1"
		Debug.AspNetCompiler.VirtualPath = "/localhost_54003"
		Debug.AspNetCompiler.PhysicalPath = "..\SonarTest\"
		Debug.AspNetCompiler.TargetPath = "PrecompiledWeb\localhost_54003\"
		Debug.AspNetCompiler.Updateable = "true"
		Debug.AspNetCompiler.ForceOverwrite = "true"
		Debug.AspNetCompiler.FixedNames = "false"
		Debug.AspNetCompiler.Debug = "True"
		Release.AspNetCompiler.VirtualPath = "/localhost_54003"
		Release.AspNetCompiler.PhysicalPath = "..\SonarTest\"
		Release.AspNetCompiler.TargetPath = "PrecompiledWeb\localhost_54003\"
		Release.AspNetCompiler.Updateable = "true"
		Release.AspNetCompiler.ForceOverwrite = "true"
		Release.AspNetCompiler.FixedNames = "false"
		Release.AspNetCompiler.Debug = "False"
		VWDPort = "54003"
		SlnRelativePath = "..\SonarTest\"
		DefaultWebSiteLanguage = "Visual C#"
	EndProjectSection
EndProject
Global
	GlobalSection(SolutionConfigurationPlatforms) = preSolution
		Debug|Any CPU = Debug|Any CPU
	EndGlobalSection
	GlobalSection(ProjectConfigurationPlatforms) = postSolution
		{64F185D1-C3FE-4833-A60A-01A15177E925}.Debug|Any CPU.ActiveCfg = Debug|Any CPU
		{64F185D1-C3FE-4833-A60A-01A15177E925}.Debug|Any CPU.Build.0 = Debug|Any CPU
	EndGlobalSection
	GlobalSection(SolutionProperties) = preSolution
		HideSolutionNode = FALSE
	EndGlobalSection
	GlobalSection(ExtensibilityGlobals) = postSolution
		SolutionGuid = {8A71618F-3604-4C37-B40F-E4CD6ED09B65}
	EndGlobalSection
EndGlobal
